dependencies:
- name: common
  repository: https://charts.bitnami.com/bitnami
  version: 1.10.3
- name: memcached
  repository: https://charts.bitnami.com/bitnami
  version: 5.15.10
digest: sha256:7473ec60e4077bed2352373505ab10da50085bf6979e3c2f23393bd315b911f1
generated: "2021-12-06T08:12:33.296357188+01:00"
